# This file is automatically @generated by Poetry 2.2.1 and should not be changed by hand.

[[package]]
name = "ml-dtypes"
version = "0.5.4"
description = "ml_dtypes is a stand-alone implementation of several NumPy dtype extensions used in machine learning."
optional = false
python-versions = ">=3.9"
groups = ["main"]
files = [
    {file = "ml_dtypes-0.5.4-cp310-cp310-macosx_10_9_universal2.whl", hash = "sha256:b95e97e470fe60ed493fd9ae3911d8da4ebac16bd21f87ffa2b7c588bf22ea2c"},
    {file = "ml_dtypes-0.5.4-cp310-cp310-manylinux_2_27_aarch64.manylinux_2_28_aarch64.whl", hash = "sha256:b4b801ebe0b477be666696bda493a9be8356f1f0057a57f1e35cd26928823e5a"},
    {file = "ml_dtypes-0.5.4-cp310-cp310-manylinux_2_27_x86_64.manylinux_2_28_x86_64.whl", hash = "sha256:388d399a2152dd79a3f0456a952284a99ee5c93d3e2f8dfe25977511e0515270"},
    {file = "ml_dtypes-0.5.4-cp310-cp310-win_amd64.whl", hash = "sha256:4ff7f3e7ca2972e7de850e7b8fcbb355304271e2933dd90814c1cb847414d6e2"},
    {file = "ml_dtypes-0.5.4-cp311-cp311-macosx_10_9_universal2.whl", hash = "sha256:6c7ecb74c4bd71db68a6bea1edf8da8c34f3d9fe218f038814fd1d310ac76c90"},
    {file = "ml_dtypes-0.5.4-cp311-cp311-manylinux_2_27_aarch64.manylinux_2_28_aarch64.whl", hash = "sha256:bc11d7e8c44a65115d05e2ab9989d1e045125d7be8e05a071a48bc76eb6d6040"},
    {file = "ml_dtypes-0.5.4-cp311-cp311-manylinux_2_27_x86_64.manylinux_2_28_x86_64.whl", hash = "sha256:19b9a53598f21e453ea2fbda8aa783c20faff8e1eeb0d7ab899309a0053f1483"},
    {file = "ml_dtypes-0.5.4-cp311-cp311-win_amd64.whl", hash = "sha256:7c23c54a00ae43edf48d44066a7ec31e05fdc2eee0be2b8b50dd1903a1db94bb"},
    {file = "ml_dtypes-0.5.4-cp311-cp311-win_arm64.whl", hash = "sha256:557a31a390b7e9439056644cb80ed0735a6e3e3bb09d67fd5687e4b04238d1de"},
    {file = "ml_dtypes-0.5.4-cp312-cp312-macosx_10_13_universal2.whl", hash = "sha256:a174837a64f5b16cab6f368171a1a03a27936b31699d167684073ff1c4237dac"},
    {file = "ml_dtypes-0.5.4-cp312-cp312-manylinux_2_27_aarch64.manylinux_2_28_aarch64.whl", hash = "sha256:a7f7c643e8b1320fd958bf098aa7ecf70623a42ec5154e3be3be673f4c34d900"},
    {file = "ml_dtypes-0.5.4-cp312-cp312-manylinux_2_27_x86_64.manylinux_2_28_x86_64.whl", hash = "sha256:9ad459e99793fa6e13bd5b7e6792c8f9190b4e5a1b45c63aba14a4d0a7f1d5ff"},
    {file = "ml_dtypes-0.5.4-cp312-cp312-win_amd64.whl", hash = "sha256:c1a953995cccb9e25a4ae19e34316671e4e2edaebe4cf538229b1fc7109087b7"},
    {file = "ml_dtypes-0.5.4-cp312-cp312-win_arm64.whl", hash = "sha256:9bad06436568442575beb2d03389aa7456c690a5b05892c471215bfd8cf39460"},
    {file = "ml_dtypes-0.5.4-cp313-cp313-macosx_10_13_universal2.whl", hash = "sha256:8c760d85a2f82e2bed75867079188c9d18dae2ee77c25a54d60e9cc79be1bc48"},
    {file = "ml_dtypes-0.5.4-cp313-cp313-manylinux_2_27_aarch64.manylinux_2_28_aarch64.whl", hash = "sha256:ce756d3a10d0c4067172804c9cc276ba9cc0ff47af9078ad439b075d1abdc29b"},
    {file = "ml_dtypes-0.5.4-cp313-cp313-manylinux_2_27_x86_64.manylinux_2_28_x86_64.whl", hash = "sha256:533ce891ba774eabf607172254f2e7260ba5f57bdd64030c9a4fcfbd99815d0d"},
    {file = "ml_dtypes-0.5.4-cp313-cp313-win_amd64.whl", hash = "sha256:f21c9219ef48ca5ee78402d5cc831bd58ea27ce89beda894428bc67a52da5328"},
    {file = "ml_dtypes-0.5.4-cp313-cp313-win_arm64.whl", hash = "sha256:35f29491a3e478407f7047b8a4834e4640a77d2737e0b294d049746507af5175"},
    {file = "ml_dtypes-0.5.4-cp313-cp313t-macosx_10_13_universal2.whl", hash = "sha256:304ad47faa395415b9ccbcc06a0350800bc50eda70f0e45326796e27c62f18b6"},
    {file = "ml_dtypes-0.5.4-cp313-cp313t-manylinux_2_27_aarch64.manylinux_2_28_aarch64.whl", hash = "sha256:6a0df4223b514d799b8a1629c65ddc351b3efa833ccf7f8ea0cf654a61d1e35d"},
    {file = "ml_dtypes-0.5.4-cp313-cp313t-manylinux_2_27_x86_64.manylinux_2_28_x86_64.whl", hash = "sha256:531eff30e4d368cb6255bc2328d070e35836aa4f282a0fb5f3a0cd7260257298"},
    {file = "ml_dtypes-0.5.4-cp313-cp313t-win_amd64.whl", hash = "sha256:cb73dccfc991691c444acc8c0012bee8f2470da826a92e3a20bb333b1a7894e6"},
    {file = "ml_dtypes-0.5.4-cp313-cp313t-win_arm64.whl", hash = "sha256:3bbbe120b915090d9dd1375e4684dd17a20a2491ef25d640a908281da85e73f1"},
    {file = "ml_dtypes-0.5.4-cp314-cp314-macosx_10_13_universal2.whl", hash = "sha256:2b857d3af6ac0d39db1de7c706e69c7f9791627209c3d6dedbfca8c7e5faec22"},
    {file = "ml_dtypes-0.5.4-cp314-cp314-manylinux_2_27_aarch64.manylinux_2_28_aarch64.whl", hash = "sha256:805cef3a38f4eafae3a5bf9ebdcdb741d0bcfd9e1bd90eb54abd24f928cd2465"},
    {file = "ml_dtypes-0.5.4-cp314-cp314-manylinux_2_27_x86_64.manylinux_2_28_x86_64.whl", hash = "sha256:14a4fd3228af936461db66faccef6e4f41c1d82fcc30e9f8d58a08916b1d811f"},
    {file = "ml_dtypes-0.5.4-cp314-cp314-win_amd64.whl", hash = "sha256:8c6a2dcebd6f3903e05d51960a8058d6e131fe69f952a5397e5dbabc841b6d56"},
    {file = "ml_dtypes-0.5.4-cp314-cp314-win_arm64.whl", hash = "sha256:5a0f68ca8fd8d16583dfa7793973feb86f2fbb56ce3966daf9c9f748f52a2049"},
    {file = "ml_dtypes-0.5.4-cp314-cp314t-macosx_10_13_universal2.whl", hash = "sha256:bfc534409c5d4b0bf945af29e5d0ab075eae9eecbb549ff8a29280db822f34f9"},
    {file = "ml_dtypes-0.5.4-cp314-cp314t-manylinux_2_27_aarch64.manylinux_2_28_aarch64.whl", hash = "sha256:2314892cdc3fcf05e373d76d72aaa15fda9fb98625effa73c1d646f331fcecb7"},
    {file = "ml_dtypes-0.5.4-cp314-cp314t-manylinux_2_27_x86_64.manylinux_2_28_x86_64.whl", hash = "sha256:0d2ffd05a2575b1519dc928c0b93c06339eb67173ff53acb00724502cda231cf"},
    {file = "ml_dtypes-0.5.4-cp314-cp314t-win_amd64.whl", hash = "sha256:4381fe2f2452a2d7589689693d3162e876b3ddb0a832cde7a414f8e1adf7eab1"},
    {file = "ml_dtypes-0.5.4-cp314-cp314t-win_arm64.whl", hash = "sha256:11942cbf2cf92157db91e5022633c0d9474d4dfd813a909383bd23ce828a4b7d"},
    {file = "ml_dtypes-0.5.4-cp39-cp39-macosx_10_9_universal2.whl", hash = "sha256:d81fdb088defa30eb37bf390bb7dde35d3a83ec112ac8e33d75ab28cc29dd8b0"},
    {file = "ml_dtypes-0.5.4-cp39-cp39-manylinux_2_27_aarch64.manylinux_2_28_aarch64.whl", hash = "sha256:88c982aac7cb1cbe8cbb4e7f253072b1df872701fcaf48d84ffbb433b6568f24"},
    {file = "ml_dtypes-0.5.4-cp39-cp39-manylinux_2_27_x86_64.manylinux_2_28_x86_64.whl", hash = "sha256:a9b61c19040397970d18d7737375cffd83b1f36a11dd4ad19f83a016f736c3ef"},
    {file = "ml_dtypes-0.5.4-cp39-cp39-win_amd64.whl", hash = "sha256:3d277bf3637f2a62176f4575512e9ff9ef51d00e39626d9fe4a161992f355af2"},
    {file = "ml_dtypes-0.5.4.tar.gz", hash = "sha256:8ab06a50fb9bf9666dd0fe5dfb4676fa2b0ac0f31ecff72a6c3af8e22c063453"},
]

[package.dependencies]
numpy = [
    {version = ">=2.1.0", markers = "python_version >= \"3.13\""},
    {version = ">=1.26.0", markers = "python_version == \"3.12\""},
]

[package.extras]
dev = ["absl-py", "pyink", "pylint (>=2.6.0)", "pytest", "pytest-xdist"]

[[package]]
name = "numpy"
version = "2.4.0"
description = "Fundamental package for array computing in Python"
optional = false
python-versions = ">=3.11"
groups = ["main"]
files = [
    {file = "numpy-2.4.0-cp311-cp311-macosx_10_9_x86_64.whl", hash = "sha256:316b2f2584682318539f0bcaca5a496ce9ca78c88066579ebd11fd06f8e4741e"},
    {file = "numpy-2.4.0-cp311-cp311-macosx_11_0_arm64.whl", hash = "sha256:a2718c1de8504121714234b6f8241d0019450353276c88b9453c9c3d92e101db"},
    {file = "numpy-2.4.0-cp311-cp311-macosx_14_0_arm64.whl", hash = "sha256:21555da4ec4a0c942520ead42c3b0dc9477441e085c42b0fbdd6a084869a6f6b"},
    {file = "numpy-2.4.0-cp311-cp311-macosx_14_0_x86_64.whl", hash = "sha256:413aa561266a4be2d06cd2b9665e89d9f54c543f418773076a76adcf2af08bc7"},
    {file = "numpy-2.4.0-cp311-cp311-manylinux_2_27_aarch64.manylinux_2_28_aarch64.whl", hash = "sha256:0feafc9e03128074689183031181fac0897ff169692d8492066e949041096548"},
    {file = "numpy-2.4.0-cp311-cp311-manylinux_2_27_x86_64.manylinux_2_28_x86_64.whl", hash = "sha256:a8fdfed3deaf1928fb7667d96e0567cdf58c2b370ea2ee7e586aa383ec2cb346"},
    {file = "numpy-2.4.0-cp311-cp311-musllinux_1_2_aarch64.whl", hash = "sha256:e06a922a469cae9a57100864caf4f8a97a1026513793969f8ba5b63137a35d25"},
    {file = "numpy-2.4.0-cp311-cp311-musllinux_1_2_x86_64.whl", hash = "sha256:927ccf5cd17c48f801f4ed43a7e5673a2724bd2171460be3e3894e6e332ef83a"},
    {file = "numpy-2.4.0-cp311-cp311-win32.whl", hash = "sha256:882567b7ae57c1b1a0250208cc21a7976d8cbcc49d5a322e607e6f09c9e0bd53"},
    {file = "numpy-2.4.0-cp311-cp311-win_amd64.whl", hash = "sha256:8b986403023c8f3bf8f487c2e6186afda156174d31c175f747d8934dfddf3479"},
    {file = "numpy-2.4.0-cp311-cp311-win_arm64.whl", hash = "sha256:3f3096405acc48887458bbf9f6814d43785ac7ba2a57ea6442b581dedbc60ce6"},
    {file = "numpy-2.4.0-cp312-cp312-macosx_10_13_x86_64.whl", hash = "sha256:2a8b6bb8369abefb8bd1801b054ad50e02b3275c8614dc6e5b0373c305291037"},
    {file = "numpy-2.4.0-cp312-cp312-macosx_11_0_arm64.whl", hash = "sha256:2e284ca13d5a8367e43734148622caf0b261b275673823593e3e3634a6490f83"},
    {file = "numpy-2.4.0-cp312-cp312-macosx_14_0_arm64.whl", hash = "sha256:49ff32b09f5aa0cd30a20c2b39db3e669c845589f2b7fc910365210887e39344"},
    {file = "numpy-2.4.0-cp312-cp312-macosx_14_0_x86_64.whl", hash = "sha256:36cbfb13c152b1c7c184ddac43765db8ad672567e7bafff2cc755a09917ed2e6"},
    {file = "numpy-2.4.0-cp312-cp312-manylinux_2_27_aarch64.manylinux_2_28_aarch64.whl", hash = "sha256:35ddc8f4914466e6fc954c76527aa91aa763682a4f6d73249ef20b418fe6effb"},
    {file = "numpy-2.4.0-cp312-cp312-manylinux_2_27_x86_64.manylinux_2_28_x86_64.whl", hash = "sha256:dc578891de1db95b2a35001b695451767b580bb45753717498213c5ff3c41d63"},
    {file = "numpy-2.4.0-cp312-cp312-musllinux_1_2_aarch64.whl", hash = "sha256:98e81648e0b36e325ab67e46b5400a7a6d4a22b8a7c8e8bbfe20e7db7906bf95"},
    {file = "numpy-2.4.0-cp312-cp312-musllinux_1_2_x86_64.whl", hash = "sha256:d57b5046c120561ba8fa8e4030fbb8b822f3063910fa901ffadf16e2b7128ad6"},
    {file = "numpy-2.4.0-cp312-cp312-win32.whl", hash = "sha256:92190db305a6f48734d3982f2c60fa30d6b5ee9bff10f2887b930d7b40119f4c"},
    {file = "numpy-2.4.0-cp312-cp312-win_amd64.whl", hash = "sha256:680060061adb2d74ce352628cb798cfdec399068aa7f07ba9fb818b2b3305f98"},
    {file = "numpy-2.4.0-cp312-cp312-win_arm64.whl", hash = "sha256:39699233bc72dd482da1415dcb06076e32f60eddc796a796c5fb6c5efce94667"},
    {file = "numpy-2.4.0-cp313-cp313-macosx_10_13_x86_64.whl", hash = "sha256:a152d86a3ae00ba5f47b3acf3b827509fd0b6cb7d3259665e63dafbad22a75ea"},
    {file = "numpy-2.4.0-cp313-cp313-macosx_11_0_arm64.whl", hash = "sha256:39b19251dec4de8ff8496cd0806cbe27bf0684f765abb1f4809554de93785f2d"},
    {file = "numpy-2.4.0-cp313-cp313-macosx_14_0_arm64.whl", hash = "sha256:009bd0ea12d3c784b6639a8457537016ce5172109e585338e11334f6a7bb88ee"},
    {file = "numpy-2.4.0-cp313-cp313-macosx_14_0_x86_64.whl", hash = "sha256:5fe44e277225fd3dff6882d86d3d447205d43532c3627313d17e754fb3905a0e"},
    {file = "numpy-2.4.0-cp313-cp313-manylinux_2_27_aarch64.manylinux_2_28_aarch64.whl", hash = "sha256:f935c4493eda9069851058fa0d9e39dbf6286be690066509305e52912714dbb2"},
    {file = "numpy-2.4.0-cp313-cp313-manylinux_2_27_x86_64.manylinux_2_28_x86_64.whl", hash = "sha256:8cfa5f29a695cb7438965e6c3e8d06e0416060cf0d709c1b1c1653a939bf5c2a"},
    {file = "numpy-2.4.0-cp313-cp313-musllinux_1_2_aarch64.whl", hash = "sha256:ba0cb30acd3ef11c94dc27fbfba68940652492bc107075e7ffe23057f9425681"},
    {file = "numpy-2.4.0-cp313-cp313-musllinux_1_2_x86_64.whl", hash = "sha256:60e8c196cd82cbbd4f130b5290007e13e6de3eca79f0d4d38014769d96a7c475"},
    {file = "numpy-2.4.0-cp313-cp313-win32.whl", hash = "sha256:5f48cb3e88fbc294dc90e215d86fbaf1c852c63dbdb6c3a3e63f45c4b57f7344"},
    {file = "numpy-2.4.0-cp313-cp313-win_amd64.whl", hash = "sha256:a899699294f28f7be8992853c0c60741f16ff199205e2e6cdca155762cbaa59d"},
    {file = "numpy-2.4.0-cp313-cp313-win_arm64.whl", hash = "sha256:9198f447e1dc5647d07c9a6bbe2063cc0132728cc7175b39dbc796da5b54920d"},
    {file = "numpy-2.4.0-cp313-cp313t-macosx_11_0_arm64.whl", hash = "sha256:74623f2ab5cc3f7c886add4f735d1031a1d2be4a4ae63c0546cfd74e7a31ddf6"},
    {file = "numpy-2.4.0-cp313-cp313t-macosx_14_0_arm64.whl", hash = "sha256:0804a8e4ab070d1d35496e65ffd3cf8114c136a2b81f61dfab0de4b218aacfd5"},
    {file = "numpy-2.4.0-cp313-cp313t-macosx_14_0_x86_64.whl", hash = "sha256:02a2038eb27f9443a8b266a66911e926566b5a6ffd1a689b588f7f35b81e7dc3"},
    {file = "numpy-2.4.0-cp313-cp313t-manylinux_2_27_aarch64.manylinux_2_28_aarch64.whl", hash = "sha256:1889b3a3f47a7b5bee16bc25a2145bd7cb91897f815ce3499db64c7458b6d91d"},
    {file = "numpy-2.4.0-cp313-cp313t-manylinux_2_27_x86_64.manylinux_2_28_x86_64.whl", hash = "sha256:85eef4cb5625c47ee6425c58a3502555e10f45ee973da878ac8248ad58c136f3"},
    {file = "numpy-2.4.0-cp313-cp313t-musllinux_1_2_aarch64.whl", hash = "sha256:6dc8b7e2f4eb184b37655195f421836cfae6f58197b67e3ffc501f1333d993fa"},
    {file = "numpy-2.4.0-cp313-cp313t-musllinux_1_2_x86_64.whl", hash = "sha256:44aba2f0cafd287871a495fb3163408b0bd25bbce135c6f621534a07f4f7875c"},
    {file = "numpy-2.4.0-cp313-cp313t-win32.whl", hash = "sha256:20c115517513831860c573996e395707aa9fb691eb179200125c250e895fcd93"},
    {file = "numpy-2.4.0-cp313-cp313t-win_amd64.whl", hash = "sha256:b48e35f4ab6f6a7597c46e301126ceba4c44cd3280e3750f85db48b082624fa4"},
    {file = "numpy-2.4.0-cp313-cp313t-win_arm64.whl", hash = "sha256:4d1cfce39e511069b11e67cd0bd78ceff31443b7c9e5c04db73c7a19f572967c"},
    {file = "numpy-2.4.0-cp314-cp314-macosx_10_15_x86_64.whl", hash = "sha256:c95eb6db2884917d86cde0b4d4cf31adf485c8ec36bf8696dd66fa70de96f36b"},
    {file = "numpy-2.4.0-cp314-cp314-macosx_11_0_arm64.whl", hash = "sha256:65167da969cd1ec3a1df31cb221ca3a19a8aaa25370ecb17d428415e93c1935e"},
    {file = "numpy-2.4.0-cp314-cp314-macosx_14_0_arm64.whl", hash = "sha256:3de19cfecd1465d0dcf8a5b5ea8b3155b42ed0b639dba4b71e323d74f2a3be5e"},
    {file = "numpy-2.4.0-cp314-cp314-macosx_14_0_x86_64.whl", hash = "sha256:6c05483c3136ac4c91b4e81903cb53a8707d316f488124d0398499a4f8e8ef51"},
    {file = "numpy-2.4.0-cp314-cp314-manylinux_2_27_aarch64.manylinux_2_28_aarch64.whl", hash = "sha256:36667db4d6c1cea79c8930ab72fadfb4060feb4bfe724141cd4bd064d2e5f8ce"},
    {file = "numpy-2.4.0-cp314-cp314-manylinux_2_27_x86_64.manylinux_2_28_x86_64.whl", hash = "sha256:9a818668b674047fd88c4cddada7ab8f1c298812783e8328e956b78dc4807f9f"},
    {file = "numpy-2.4.0-cp314-cp314-musllinux_1_2_aarch64.whl", hash = "sha256:1ee32359fb7543b7b7bd0b2f46294db27e29e7bbdf70541e81b190836cd83ded"},
    {file = "numpy-2.4.0-cp314-cp314-musllinux_1_2_x86_64.whl", hash = "sha256:e493962256a38f58283de033d8af176c5c91c084ea30f15834f7545451c42059"},
    {file = "numpy-2.4.0-cp314-cp314-win32.whl", hash = "sha256:6bbaebf0d11567fa8926215ae731e1d58e6ec28a8a25235b8a47405d301332db"},
    {file = "numpy-2.4.0-cp314-cp314-win_amd64.whl", hash = "sha256:3d857f55e7fdf7c38ab96c4558c95b97d1c685be6b05c249f5fdafcbd6f9899e"},
    {file = "numpy-2.4.0-cp314-cp314-win_arm64.whl", hash = "sha256:bb50ce5fb202a26fd5404620e7ef820ad1ab3558b444cb0b55beb7ef66cd2d63"},
    {file = "numpy-2.4.0-cp314-cp314t-macosx_11_0_arm64.whl", hash = "sha256:355354388cba60f2132df297e2d53053d4063f79077b67b481d21276d61fc4df"},
    {file = "numpy-2.4.0-cp314-cp314t-macosx_14_0_arm64.whl", hash = "sha256:1d8f9fde5f6dc1b6fc34df8162f3b3079365468703fee7f31d4e0cc8c63baed9"},
    {file = "numpy-2.4.0-cp314-cp314t-macosx_14_0_x86_64.whl", hash = "sha256:e0434aa22c821f44eeb4c650b81c7fbdd8c0122c6c4b5a576a76d5a35625ecd9"},
    {file = "numpy-2.4.0-cp314-cp314t-manylinux_2_27_aarch64.manylinux_2_28_aarch64.whl", hash = "sha256:40483b2f2d3ba7aad426443767ff5632ec3156ef09742b96913787d13c336471"},
    {file = "numpy-2.4.0-cp314-cp314t-manylinux_2_27_x86_64.manylinux_2_28_x86_64.whl", hash = "sha256:d9e6a7664ddd9746e20b7325351fe1a8408d0a2bf9c63b5e898290ddc8f09544"},
    {file = "numpy-2.4.0-cp314-cp314t-musllinux_1_2_aarch64.whl", hash = "sha256:ecb0019d44f4cdb50b676c5d0cb4b1eae8e15d1ed3d3e6639f986fc92b2ec52c"},
    {file = "numpy-2.4.0-cp314-cp314t-musllinux_1_2_x86_64.whl", hash = "sha256:d0ffd9e2e4441c96a9c91ec1783285d80bf835b677853fc2770a89d50c1e48ac"},
    {file = "numpy-2.4.0-cp314-cp314t-win32.whl", hash = "sha256:77f0d13fa87036d7553bf81f0e1fe3ce68d14c9976c9851744e4d3e91127e95f"},
    {file = "numpy-2.4.0-cp314-cp314t-win_amd64.whl", hash = "sha256:b1f5b45829ac1848893f0ddf5cb326110604d6df96cdc255b0bf9edd154104d4"},
    {file = "numpy-2.4.0-cp314-cp314t-win_arm64.whl", hash = "sha256:23a3e9d1a6f360267e8fbb38ba5db355a6a7e9be71d7fce7ab3125e88bb646c8"},
    {file = "numpy-2.4.0-pp311-pypy311_pp73-macosx_10_15_x86_64.whl", hash = "sha256:b54c83f1c0c0f1d748dca0af516062b8829d53d1f0c402be24b4257a9c48ada6"},
    {file = "numpy-2.4.0-pp311-pypy311_pp73-macosx_11_0_arm64.whl", hash = "sha256:aabb081ca0ec5d39591fc33018cd4b3f96e1a2dd6756282029986d00a785fba4"},
    {file = "numpy-2.4.0-pp311-pypy311_pp73-macosx_14_0_arm64.whl", hash = "sha256:8eafe7c36c8430b7794edeab3087dec7bf31d634d92f2af9949434b9d1964cba"},
    {file = "numpy-2.4.0-pp311-pypy311_pp73-macosx_14_0_x86_64.whl", hash = "sha256:2f585f52b2baf07ff3356158d9268ea095e221371f1074fadea2f42544d58b4d"},
    {file = "numpy-2.4.0-pp311-pypy311_pp73-manylinux_2_27_aarch64.manylinux_2_28_aarch64.whl", hash = "sha256:32ed06d0fe9cae27d8fb5f400c63ccee72370599c75e683a6358dd3a4fb50aaf"},
    {file = "numpy-2.4.0-pp311-pypy311_pp73-manylinux_2_27_x86_64.manylinux_2_28_x86_64.whl", hash = "sha256:57c540ed8fb1f05cb997c6761cd56db72395b0d6985e90571ff660452ade4f98"},
    {file = "numpy-2.4.0-pp311-pypy311_pp73-win_amd64.whl", hash = "sha256:a39fb973a726e63223287adc6dafe444ce75af952d711e400f3bf2b36ef55a7b"},
    {file = "numpy-2.4.0.tar.gz", hash = "sha256:6e504f7b16118198f138ef31ba24d985b124c2c469fe8467007cf30fd992f934"},
]

[[package]]
name = "onnx"
version = "1.20.0"
description = "Open Neural Network Exchange"
optional = false
python-versions = ">=3.10"
groups = ["main"]
files = [
    {file = "onnx-1.20.0-cp310-cp310-macosx_12_0_universal2.whl", hash = "sha256:7e706470f8b731af6d0347c4f01b8e0e1810855d0c71c467066a5bd7fa21704b"},
    {file = "onnx-1.20.0-cp310-cp310-manylinux_2_26_aarch64.manylinux_2_28_aarch64.whl", hash = "sha256:3e941d0f3edd57e1d63e2562c74aec2803ead5b965e76ccc3d2b2bd4ae0ea054"},
    {file = "onnx-1.20.0-cp310-cp310-manylinux_2_27_x86_64.manylinux_2_28_x86_64.whl", hash = "sha256:6930ed7795912c4298ec8642b33c99c51c026a57edf17788b8451fe22d11e674"},
    {file = "onnx-1.20.0-cp310-cp310-win32.whl", hash = "sha256:f8424c95491de38ecc280f7d467b298cb0b7cdeb1cd892eb9b4b9541c00a600e"},
    {file = "onnx-1.20.0-cp310-cp310-win_amd64.whl", hash = "sha256:1ecca1f963d69e002c03000f15844f8cac3b6d7b6639a934e73571ee02d59c35"},
    {file = "onnx-1.20.0-cp311-cp311-macosx_12_0_universal2.whl", hash = "sha256:00dc8ae2c7b283f79623961f450b5515bd2c4b47a7027e7a1374ba49cef27768"},
    {file = "onnx-1.20.0-cp311-cp311-manylinux_2_26_aarch64.manylinux_2_28_aarch64.whl", hash = "sha256:f62978ecfb8f320faba6704abd20253a5a79aacc4e5d39a9c061dd63d3b7574f"},
    {file = "onnx-1.20.0-cp311-cp311-manylinux_2_27_x86_64.manylinux_2_28_x86_64.whl", hash = "sha256:71177f8fd5c0dd90697bc281f5035f73707bdac83257a5c54d74403a1100ace9"},
    {file = "onnx-1.20.0-cp311-cp311-win32.whl", hash = "sha256:1d3d0308e2c194f4b782f51e78461b567fac8ce6871c0cf5452ede261683cc8f"},
    {file = "onnx-1.20.0-cp311-cp311-win_amd64.whl", hash = "sha256:3a6de7dda77926c323b0e5a830dc9c2866ce350c1901229e193be1003a076c25"},
    {file = "onnx-1.20.0-cp311-cp311-win_arm64.whl", hash = "sha256:afc4cf83ce5d547ebfbb276dae8eb0ec836254a8698d462b4ba5f51e717fd1ae"},
    {file = "onnx-1.20.0-cp312-abi3-macosx_12_0_universal2.whl", hash = "sha256:31efe37d7d1d659091f34ddd6a31780334acf7c624176832db9a0a8ececa8fb5"},
    {file = "onnx-1.20.0-cp312-abi3-manylinux_2_26_aarch64.manylinux_2_28_aarch64.whl", hash = "sha256:d75da05e743eb9a11ff155a775cae5745e71f1cd0ca26402881b8f20e8d6e449"},
    {file = "onnx-1.20.0-cp312-abi3-manylinux_2_27_x86_64.manylinux_2_28_x86_64.whl", hash = "sha256:02e0d72ab09a983fce46686b155a5049898558d9f3bc6e8515120d6c40666318"},
    {file = "onnx-1.20.0-cp312-abi3-win32.whl", hash = "sha256:392ca68b34b97e172d33b507e1e7bfdf2eea96603e6e7ff109895b82ff009dc7"},
    {file = "onnx-1.20.0-cp312-abi3-win_amd64.whl", hash = "sha256:259b05758d41645f5545c09f887187662b350d40db8d707c33c94a4f398e1733"},
    {file = "onnx-1.20.0-cp312-abi3-win_arm64.whl", hash = "sha256:2d25a9e1fde44bc69988e50e2211f62d6afcd01b0fd6dfd23429fd978a35d32f"},
    {file = "onnx-1.20.0-cp313-cp313t-macosx_12_0_universal2.whl", hash = "sha256:7646e700c0a53770a86d5a9a582999a625a3173c4323635960aec3cba8441c6a"},
    {file = "onnx-1.20.0-cp313-cp313t-manylinux_2_26_aarch64.manylinux_2_28_aarch64.whl", hash = "sha256:d0bdfd22fe92b87bf98424335ec1191ed79b08cd0f57fe396fab558b83b2c868"},
    {file = "onnx-1.20.0-cp313-cp313t-manylinux_2_27_x86_64.manylinux_2_28_x86_64.whl", hash = "sha256:9d1a4e02148b2a7a4b82796d0ecdb6e49ba7abd34bb5a9de22af86aad556fb76"},
    {file = "onnx-1.20.0-cp313-cp313t-win_amd64.whl", hash = "sha256:2241c85fdaa25a66565fcd1d327c7bcd8f55165420ebaee1e9563c3b9bf961c9"},
    {file = "onnx-1.20.0-cp313-cp313t-win_arm64.whl", hash = "sha256:ee46cdc5abd851a007a4be81ee53e0e303cf9a0e46d74231d5d361333a1c9411"},
    {file = "onnx-1.20.0.tar.gz", hash = "sha256:1a93ec69996b4556062d552ed1aa0671978cfd3c17a40bf4c89a1ae169c6a4ad"},
]

[package.dependencies]
ml_dtypes = ">=0.5.0"
numpy = ">=1.23.2"
protobuf = ">=4.25.1"
typing_extensions = ">=4.7.1"

[package.extras]
reference = ["Pillow"]

[[package]]
name = "protobuf"
version = "6.33.2"
description = ""
optional = false
python-versions = ">=3.9"
groups = ["main"]
files = [
    {file = "protobuf-6.33.2-cp310-abi3-win32.whl", hash = "sha256:87eb388bd2d0f78febd8f4c8779c79247b26a5befad525008e49a6955787ff3d"},
    {file = "protobuf-6.33.2-cp310-abi3-win_amd64.whl", hash = "sha256:fc2a0e8b05b180e5fc0dd1559fe8ebdae21a27e81ac77728fb6c42b12c7419b4"},
    {file = "protobuf-6.33.2-cp39-abi3-macosx_10_9_universal2.whl", hash = "sha256:d9b19771ca75935b3a4422957bc518b0cecb978b31d1dd12037b088f6bcc0e43"},
    {file = "protobuf-6.33.2-cp39-abi3-manylinux2014_aarch64.whl", hash = "sha256:b5d3b5625192214066d99b2b605f5783483575656784de223f00a8d00754fc0e"},
    {file = "protobuf-6.33.2-cp39-abi3-manylinux2014_s390x.whl", hash = "sha256:8cd7640aee0b7828b6d03ae518b5b4806fdfc1afe8de82f79c3454f8aef29872"},
    {file = "protobuf-6.33.2-cp39-abi3-manylinux2014_x86_64.whl", hash = "sha256:1f8017c48c07ec5859106533b682260ba3d7c5567b1ca1f24297ce03384d1b4f"},
    {file = "protobuf-6.33.2-cp39-cp39-win32.whl", hash = "sha256:7109dcc38a680d033ffb8bf896727423528db9163be1b6a02d6a49606dcadbfe"},
    {file = "protobuf-6.33.2-cp39-cp39-win_amd64.whl", hash = "sha256:2981c58f582f44b6b13173e12bb8656711189c2a70250845f264b877f00b1913"},
    {file = "protobuf-6.33.2-py3-none-any.whl", hash = "sha256:7636aad9bb01768870266de5dc009de2d1b936771b38a793f73cbbf279c91c5c"},
    {file = "protobuf-6.33.2.tar.gz", hash = "sha256:56dc370c91fbb8ac85bc13582c9e373569668a290aa2e66a590c2a0d35ddb9e4"},
]

[[package]]
name = "typing-extensions"
version = "4.15.0"
description = "Backported and Experimental Type Hints for Python 3.9+"
optional = false
python-versions = ">=3.9"
groups = ["main"]
files = [
    {file = "typing_extensions-4.15.0-py3-none-any.whl", hash = "sha256:f0fa19c6845758ab08074a0cfa8b7aecb71c999ca73d62883bc25cc018c4e548"},
    {file = "typing_extensions-4.15.0.tar.gz", hash = "sha256:0cea48d173cc12fa28ecabc3b837ea3cf6f38c6d1136f85cbaaf598984861466"},
]

[metadata]
lock-version = "2.1"
python-versions = ">=3.12,<3.15"
content-hash = "840684a09d3afc9236a632f052f02330629c4a0cf481863cc08a66a6c6f39b77"
